
Microsoft Visual Studio Solution File, Format Version 12.00
# Visual Studio 15
VisualStudioVersion = 15.0.28010.2003
MinimumVisualStudioVersion = 10.0.40219.1
Project("{FAE04EC0-301F-11D3-BF4B-00C04F79EFBC}") = "MaterialMusic", "MaterialMusic\MaterialMusic.csproj", "{F1636CEA-D5F5-4969-BE6B-8F7AE373FBBB}"
EndProject
Global
	GlobalSection(SolutionConfigurationPlatforms) = preSolution
		Debug|Any CPU = Debug|Any CPU
		Release|Any CPU = Release|Any CPU
	EndGlobalSection
	GlobalSection(ProjectConfigurationPlatforms) = postSolution
		{F1636CEA-D5F5-4969-BE6B-8F7AE373FBBB}.Debug|Any CPU.ActiveCfg = Debug|Any CPU
		{F1636CEA-D5F5-4969-BE6B-8F7AE373FBBB}.Debug|Any CPU.Build.0 = Debug|Any CPU
		{F1636CEA-D5F5-4969-BE6B-8F7AE373FBBB}.Release|Any CPU.ActiveCfg = Release|Any CPU
		{F1636CEA-D5F5-4969-BE6B-8F7AE373FBBB}.Release|Any CPU.Build.0 = Release|Any CPU
	EndGlobalSection
	GlobalSection(SolutionProperties) = preSolution
		HideSolutionNode = FALSE
	EndGlobalSection
	GlobalSection(ExtensibilityGlobals) = postSolution
		SolutionGuid = {16A7AC0B-1830-4F3A-8CBC-1551DA13331E}
	EndGlobalSection
EndGlobal
